
Microsoft Visual Studio Solution File, Format Version 12.00
# Visual Studio 14
VisualStudioVersion = 14.0.25123.0
MinimumVisualStudioVersion = 10.0.40219.1
Project("{FAE04EC0-301F-11D3-BF4B-00C04F79EFBC}") = "CareApp.Droid", "CareApp\CareApp.Droid\CareApp.Droid.csproj", "{92004F79-FE1D-4CAB-ACE6-B9C7F17E6971}"
EndProject
Project("{FAE04EC0-301F-11D3-BF4B-00C04F79EFBC}") = "CareApp.iOS", "CareApp\CareApp.iOS\CareApp.iOS.csproj", "{992B206B-6786-42C4-ADF9-4E2D10C1CBAD}"
EndProject
Project("{FAE04EC0-301F-11D3-BF4B-00C04F79EFBC}") = "CareApp.WinPhone", "CareApp\CareApp.WinPhone\CareApp.WinPhone.csproj", "{71535EC0-351B-4141-8E30-551C60B150EF}"
EndProject
Project("{FAE04EC0-301F-11D3-BF4B-00C04F79EFBC}") = "CareApp.Windows", "CareApp\CareApp.Windows\CareApp.Windows.csproj", "{7E412F7D-C70D-4F9C-8A84-9BFC26670055}"
EndProject
Project("{FAE04EC0-301F-11D3-BF4B-00C04F79EFBC}") = "CareApp", "CareApp\CareApp\CareApp.csproj", "{AECE673B-D2C5-458D-A2A9-B2BC10430F5B}"
EndProject
Global
	GlobalSection(SolutionConfigurationPlatforms) = preSolution
		Ad-Hoc|Any CPU = Ad-Hoc|Any CPU
		Ad-Hoc|ARM = Ad-Hoc|ARM
		Ad-Hoc|iPhone = Ad-Hoc|iPhone
		Ad-Hoc|iPhoneSimulator = Ad-Hoc|iPhoneSimulator
		Ad-Hoc|x64 = Ad-Hoc|x64
		Ad-Hoc|x86 = Ad-Hoc|x86
		AppStore|Any CPU = AppStore|Any CPU
		AppStore|ARM = AppStore|ARM
		AppStore|iPhone = AppStore|iPhone
		AppStore|iPhoneSimulator = AppStore|iPhoneSimulator
		AppStore|x64 = AppStore|x64
		AppStore|x86 = AppStore|x86
		Debug|Any CPU = Debug|Any CPU
		Debug|ARM = Debug|ARM
		Debug|iPhone = Debug|iPhone
		Debug|iPhoneSimulator = Debug|iPhoneSimulator
		Debug|x64 = Debug|x64
		Debug|x86 = Debug|x86
		Release|Any CPU = Release|Any CPU
		Release|ARM = Release|ARM
		Release|iPhone = Release|iPhone
		Release|iPhoneSimulator = Release|iPhoneSimulator
		Release|x64 = Release|x64
		Release|x86 = Release|x86
	EndGlobalSection
	GlobalSection(ProjectConfigurationPlatforms) = postSolution
		{92004F79-FE1D-4CAB-ACE6-B9C7F17E6971}.Ad-Hoc|Any CPU.ActiveCfg = Release|Any CPU
		{92004F79-FE1D-4CAB-ACE6-B9C7F17E6971}.Ad-Hoc|Any CPU.Build.0 = Release|Any CPU
		{92004F79-FE1D-4CAB-ACE6-B9C7F17E6971}.Ad-Hoc|Any CPU.Deploy.0 = Release|Any CPU
		{92004F79-FE1D-4CAB-ACE6-B9C7F17E6971}.Ad-Hoc|ARM.ActiveCfg = Release|Any CPU
		{92004F79-FE1D-4CAB-ACE6-B9C7F17E6971}.Ad-Hoc|ARM.Build.0 = Release|Any CPU
		{92004F79-FE1D-4CAB-ACE6-B9C7F17E6971}.Ad-Hoc|ARM.Deploy.0 = Release|Any CPU
		{92004F79-FE1D-4CAB-ACE6-B9C7F17E6971}.Ad-Hoc|iPhone.ActiveCfg = Release|Any CPU
		{92004F79-FE1D-4CAB-ACE6-B9C7F17E6971}.Ad-Hoc|iPhone.Build.0 = Release|Any CPU
		{92004F79-FE1D-4CAB-ACE6-B9C7F17E6971}.Ad-Hoc|iPhone.Deploy.0 = Release|Any CPU
		{92004F79-FE1D-4CAB-ACE6-B9C7F17E6971}.Ad-Hoc|iPhoneSimulator.ActiveCfg = Release|Any CPU
		{92004F79-FE1D-4CAB-ACE6-B9C7F17E6971}.Ad-Hoc|iPhoneSimulator.Build.0 = Release|Any CPU
		{92004F79-FE1D-4CAB-ACE6-B9C7F17E6971}.Ad-Hoc|iPhoneSimulator.Deploy.0 = Release|Any CPU
		{92004F79-FE1D-4CAB-ACE6-B9C7F17E6971}.Ad-Hoc|x64.ActiveCfg = Release|Any CPU
		{92004F79-FE1D-4CAB-ACE6-B9C7F17E6971}.Ad-Hoc|x64.Build.0 = Release|Any CPU
		{92004F79-FE1D-4CAB-ACE6-B9C7F17E6971}.Ad-Hoc|x64.Deploy.0 = Release|Any CPU
		{92004F79-FE1D-4CAB-ACE6-B9C7F17E6971}.Ad-Hoc|x86.ActiveCfg = Release|Any CPU
		{92004F79-FE1D-4CAB-ACE6-B9C7F17E6971}.Ad-Hoc|x86.Build.0 = Release|Any CPU
		{92004F79-FE1D-4CAB-ACE6-B9C7F17E6971}.Ad-Hoc|x86.Deploy.0 = Release|Any CPU
		{92004F79-FE1D-4CAB-ACE6-B9C7F17E6971}.AppStore|Any CPU.ActiveCfg = Release|Any CPU
		{92004F79-FE1D-4CAB-ACE6-B9C7F17E6971}.AppStore|Any CPU.Build.0 = Release|Any CPU
		{92004F79-FE1D-4CAB-ACE6-B9C7F17E6971}.AppStore|Any CPU.Deploy.0 = Release|Any CPU
		{92004F79-FE1D-4CAB-ACE6-B9C7F17E6971}.AppStore|ARM.ActiveCfg = Release|Any CPU
		{92004F79-FE1D-4CAB-ACE6-B9C7F17E6971}.AppStore|ARM.Build.0 = Release|Any CPU
		{92004F79-FE1D-4CAB-ACE6-B9C7F17E6971}.AppStore|ARM.Deploy.0 = Release|Any CPU
		{92004F79-FE1D-4CAB-ACE6-B9C7F17E6971}.AppStore|iPhone.ActiveCfg = Release|Any CPU
		{92004F79-FE1D-4CAB-ACE6-B9C7F17E6971}.AppStore|iPhone.Build.0 = Release|Any CPU
		{92004F79-FE1D-4CAB-ACE6-B9C7F17E6971}.AppStore|iPhone.Deploy.0 = Release|Any CPU
		{92004F79-FE1D-4CAB-ACE6-B9C7F17E6971}.AppStore|iPhoneSimulator.ActiveCfg = Release|Any CPU
		{92004F79-FE1D-4CAB-ACE6-B9C7F17E6971}.AppStore|iPhoneSimulator.Build.0 = Release|Any CPU
		{92004F79-FE1D-4CAB-ACE6-B9C7F17E6971}.AppStore|iPhoneSimulator.Deploy.0 = Release|Any CPU
		{92004F79-FE1D-4CAB-ACE6-B9C7F17E6971}.AppStore|x64.ActiveCfg = Release|Any CPU
		{92004F79-FE1D-4CAB-ACE6-B9C7F17E6971}.AppStore|x64.Build.0 = Release|Any CPU
		{92004F79-FE1D-4CAB-ACE6-B9C7F17E6971}.AppStore|x64.Deploy.0 = Release|Any CPU
		{92004F79-FE1D-4CAB-ACE6-B9C7F17E6971}.AppStore|x86.ActiveCfg = Release|Any CPU
		{92004F79-FE1D-4CAB-ACE6-B9C7F17E6971}.AppStore|x86.Build.0 = Release|Any CPU
		{92004F79-FE1D-4CAB-ACE6-B9C7F17E6971}.AppStore|x86.Deploy.0 = Release|Any CPU
		{92004F79-FE1D-4CAB-ACE6-B9C7F17E6971}.Debug|Any CPU.ActiveCfg = Debug|Any CPU
		{92004F79-FE1D-4CAB-ACE6-B9C7F17E6971}.Debug|Any CPU.Build.0 = Debug|Any CPU
		{92004F79-FE1D-4CAB-ACE6-B9C7F17E6971}.Debug|Any CPU.Deploy.0 = Debug|Any CPU
		{92004F79-FE1D-4CAB-ACE6-B9C7F17E6971}.Debug|ARM.ActiveCfg = Debug|Any CPU
		{92004F79-FE1D-4CAB-ACE6-B9C7F17E6971}.Debug|ARM.Build.0 = Debug|Any CPU
		{92004F79-FE1D-4CAB-ACE6-B9C7F17E6971}.Debug|ARM.Deploy.0 = Debug|Any CPU
		{92004F79-FE1D-4CAB-ACE6-B9C7F17E6971}.Debug|iPhone.ActiveCfg = Debug|Any CPU
		{92004F79-FE1D-4CAB-ACE6-B9C7F17E6971}.Debug|iPhone.Build.0 = Debug|Any CPU
		{92004F79-FE1D-4CAB-ACE6-B9C7F17E6971}.Debug|iPhone.Deploy.0 = Debug|Any CPU
		{92004F79-FE1D-4CAB-ACE6-B9C7F17E6971}.Debug|iPhoneSimulator.ActiveCfg = Debug|Any CPU
		{92004F79-FE1D-4CAB-ACE6-B9C7F17E6971}.Debug|iPhoneSimulator.Build.0 = Debug|Any CPU
		{92004F79-FE1D-4CAB-ACE6-B9C7F17E6971}.Debug|iPhoneSimulator.Deploy.0 = Debug|Any CPU
		{92004F79-FE1D-4CAB-ACE6-B9C7F17E6971}.Debug|x64.ActiveCfg = Debug|Any CPU
		{92004F79-FE1D-4CAB-ACE6-B9C7F17E6971}.Debug|x64.Build.0 = Debug|Any CPU
		{92004F79-FE1D-4CAB-ACE6-B9C7F17E6971}.Debug|x64.Deploy.0 = Debug|Any CPU
		{92004F79-FE1D-4CAB-ACE6-B9C7F17E6971}.Debug|x86.ActiveCfg = Debug|Any CPU
		{92004F79-FE1D-4CAB-ACE6-B9C7F17E6971}.Debug|x86.Build.0 = Debug|Any CPU
		{92004F79-FE1D-4CAB-ACE6-B9C7F17E6971}.Debug|x86.Deploy.0 = Debug|Any CPU
		{92004F79-FE1D-4CAB-ACE6-B9C7F17E6971}.Release|Any CPU.ActiveCfg = Release|Any CPU
		{92004F79-FE1D-4CAB-ACE6-B9C7F17E6971}.Release|Any CPU.Build.0 = Release|Any CPU
		{92004F79-FE1D-4CAB-ACE6-B9C7F17E6971}.Release|Any CPU.Deploy.0 = Release|Any CPU
		{92004F79-FE1D-4CAB-ACE6-B9C7F17E6971}.Release|ARM.ActiveCfg = Release|Any CPU
		{92004F79-FE1D-4CAB-ACE6-B9C7F17E6971}.Release|ARM.Build.0 = Release|Any CPU
		{92004F79-FE1D-4CAB-ACE6-B9C7F17E6971}.Release|ARM.Deploy.0 = Release|Any CPU
		{92004F79-FE1D-4CAB-ACE6-B9C7F17E6971}.Release|iPhone.ActiveCfg = Release|Any CPU
		{92004F79-FE1D-4CAB-ACE6-B9C7F17E6971}.Release|iPhone.Build.0 = Release|Any CPU
		{92004F79-FE1D-4CAB-ACE6-B9C7F17E6971}.Release|iPhone.Deploy.0 = Release|Any CPU
		{92004F79-FE1D-4CAB-ACE6-B9C7F17E6971}.Release|iPhoneSimulator.ActiveCfg = Release|Any CPU
		{92004F79-FE1D-4CAB-ACE6-B9C7F17E6971}.Release|iPhoneSimulator.Build.0 = Release|Any CPU
		{92004F79-FE1D-4CAB-ACE6-B9C7F17E6971}.Release|iPhoneSimulator.Deploy.0 = Release|Any CPU
		{92004F79-FE1D-4CAB-ACE6-B9C7F17E6971}.Release|x64.ActiveCfg = Release|Any CPU
		{92004F79-FE1D-4CAB-ACE6-B9C7F17E6971}.Release|x64.Build.0 = Release|Any CPU
		{92004F79-FE1D-4CAB-ACE6-B9C7F17E6971}.Release|x64.Deploy.0 = Release|Any CPU
		{92004F79-FE1D-4CAB-ACE6-B9C7F17E6971}.Release|x86.ActiveCfg = Release|Any CPU
		{92004F79-FE1D-4CAB-ACE6-B9C7F17E6971}.Release|x86.Build.0 = Release|Any CPU
		{92004F79-FE1D-4CAB-ACE6-B9C7F17E6971}.Release|x86.Deploy.0 = Release|Any CPU
		{992B206B-6786-42C4-ADF9-4E2D10C1CBAD}.Ad-Hoc|Any CPU.ActiveCfg = Ad-Hoc|iPhone
		{992B206B-6786-42C4-ADF9-4E2D10C1CBAD}.Ad-Hoc|ARM.ActiveCfg = Ad-Hoc|iPhone
		{992B206B-6786-42C4-ADF9-4E2D10C1CBAD}.Ad-Hoc|iPhone.ActiveCfg = Ad-Hoc|iPhone
		{992B206B-6786-42C4-ADF9-4E2D10C1CBAD}.Ad-Hoc|iPhone.Build.0 = Ad-Hoc|iPhone
		{992B206B-6786-42C4-ADF9-4E2D10C1CBAD}.Ad-Hoc|iPhoneSimulator.ActiveCfg = Ad-Hoc|iPhoneSimulator
		{992B206B-6786-42C4-ADF9-4E2D10C1CBAD}.Ad-Hoc|iPhoneSimulator.Build.0 = Ad-Hoc|iPhoneSimulator
		{992B206B-6786-42C4-ADF9-4E2D10C1CBAD}.Ad-Hoc|x64.ActiveCfg = Ad-Hoc|iPhone
		{992B206B-6786-42C4-ADF9-4E2D10C1CBAD}.Ad-Hoc|x86.ActiveCfg = Ad-Hoc|iPhone
		{992B206B-6786-42C4-ADF9-4E2D10C1CBAD}.AppStore|Any CPU.ActiveCfg = AppStore|iPhone
		{992B206B-6786-42C4-ADF9-4E2D10C1CBAD}.AppStore|ARM.ActiveCfg = AppStore|iPhone
		{992B206B-6786-42C4-ADF9-4E2D10C1CBAD}.AppStore|iPhone.ActiveCfg = AppStore|iPhone
		{992B206B-6786-42C4-ADF9-4E2D10C1CBAD}.AppStore|iPhone.Build.0 = AppStore|iPhone
		{992B206B-6786-42C4-ADF9-4E2D10C1CBAD}.AppStore|iPhoneSimulator.ActiveCfg = AppStore|iPhoneSimulator
		{992B206B-6786-42C4-ADF9-4E2D10C1CBAD}.AppStore|iPhoneSimulator.Build.0 = AppStore|iPhoneSimulator
		{992B206B-6786-42C4-ADF9-4E2D10C1CBAD}.AppStore|x64.ActiveCfg = AppStore|iPhone
		{992B206B-6786-42C4-ADF9-4E2D10C1CBAD}.AppStore|x86.ActiveCfg = AppStore|iPhone
		{992B206B-6786-42C4-ADF9-4E2D10C1CBAD}.Debug|Any CPU.ActiveCfg = Debug|iPhone
		{992B206B-6786-42C4-ADF9-4E2D10C1CBAD}.Debug|ARM.ActiveCfg = Debug|iPhone
		{992B206B-6786-42C4-ADF9-4E2D10C1CBAD}.Debug|iPhone.ActiveCfg = Debug|iPhone
		{992B206B-6786-42C4-ADF9-4E2D10C1CBAD}.Debug|iPhone.Build.0 = Debug|iPhone
		{992B206B-6786-42C4-ADF9-4E2D10C1CBAD}.Debug|iPhoneSimulator.ActiveCfg = Debug|iPhoneSimulator
		{992B206B-6786-42C4-ADF9-4E2D10C1CBAD}.Debug|iPhoneSimulator.Build.0 = Debug|iPhoneSimulator
		{992B206B-6786-42C4-ADF9-4E2D10C1CBAD}.Debug|x64.ActiveCfg = Debug|iPhone
		{992B206B-6786-42C4-ADF9-4E2D10C1CBAD}.Debug|x86.ActiveCfg = Debug|iPhone
		{992B206B-6786-42C4-ADF9-4E2D10C1CBAD}.Release|Any CPU.ActiveCfg = Release|iPhone
		{992B206B-6786-42C4-ADF9-4E2D10C1CBAD}.Release|ARM.ActiveCfg = Release|iPhone
		{992B206B-6786-42C4-ADF9-4E2D10C1CBAD}.Release|iPhone.ActiveCfg = Release|iPhone
		{992B206B-6786-42C4-ADF9-4E2D10C1CBAD}.Release|iPhone.Build.0 = Release|iPhone
		{992B206B-6786-42C4-ADF9-4E2D10C1CBAD}.Release|iPhoneSimulator.ActiveCfg = Release|iPhoneSimulator
		{992B206B-6786-42C4-ADF9-4E2D10C1CBAD}.Release|iPhoneSimulator.Build.0 = Release|iPhoneSimulator
		{992B206B-6786-42C4-ADF9-4E2D10C1CBAD}.Release|x64.ActiveCfg = Release|iPhone
		{992B206B-6786-42C4-ADF9-4E2D10C1CBAD}.Release|x86.ActiveCfg = Release|iPhone
		{71535EC0-351B-4141-8E30-551C60B150EF}.Ad-Hoc|Any CPU.ActiveCfg = Release|Any CPU
		{71535EC0-351B-4141-8E30-551C60B150EF}.Ad-Hoc|Any CPU.Build.0 = Release|Any CPU
		{71535EC0-351B-4141-8E30-551C60B150EF}.Ad-Hoc|Any CPU.Deploy.0 = Release|Any CPU
		{71535EC0-351B-4141-8E30-551C60B150EF}.Ad-Hoc|ARM.ActiveCfg = Release|ARM
		{71535EC0-351B-4141-8E30-551C60B150EF}.Ad-Hoc|ARM.Build.0 = Release|ARM
		{71535EC0-351B-4141-8E30-551C60B150EF}.Ad-Hoc|ARM.Deploy.0 = Release|ARM
		{71535EC0-351B-4141-8E30-551C60B150EF}.Ad-Hoc|iPhone.ActiveCfg = Release|Any CPU
		{71535EC0-351B-4141-8E30-551C60B150EF}.Ad-Hoc|iPhone.Build.0 = Release|Any CPU
		{71535EC0-351B-4141-8E30-551C60B150EF}.Ad-Hoc|iPhone.Deploy.0 = Release|Any CPU
		{71535EC0-351B-4141-8E30-551C60B150EF}.Ad-Hoc|iPhoneSimulator.ActiveCfg = Release|Any CPU
		{71535EC0-351B-4141-8E30-551C60B150EF}.Ad-Hoc|iPhoneSimulator.Build.0 = Release|Any CPU
		{71535EC0-351B-4141-8E30-551C60B150EF}.Ad-Hoc|iPhoneSimulator.Deploy.0 = Release|Any CPU
		{71535EC0-351B-4141-8E30-551C60B150EF}.Ad-Hoc|x64.ActiveCfg = Release|Any CPU
		{71535EC0-351B-4141-8E30-551C60B150EF}.Ad-Hoc|x64.Build.0 = Release|Any CPU
		{71535EC0-351B-4141-8E30-551C60B150EF}.Ad-Hoc|x64.Deploy.0 = Release|Any CPU
		{71535EC0-351B-4141-8E30-551C60B150EF}.Ad-Hoc|x86.ActiveCfg = Release|x86
		{71535EC0-351B-4141-8E30-551C60B150EF}.Ad-Hoc|x86.Build.0 = Release|x86
		{71535EC0-351B-4141-8E30-551C60B150EF}.Ad-Hoc|x86.Deploy.0 = Release|x86
		{71535EC0-351B-4141-8E30-551C60B150EF}.AppStore|Any CPU.ActiveCfg = Release|Any CPU
		{71535EC0-351B-4141-8E30-551C60B150EF}.AppStore|Any CPU.Build.0 = Release|Any CPU
		{71535EC0-351B-4141-8E30-551C60B150EF}.AppStore|Any CPU.Deploy.0 = Release|Any CPU
		{71535EC0-351B-4141-8E30-551C60B150EF}.AppStore|ARM.ActiveCfg = Release|ARM
		{71535EC0-351B-4141-8E30-551C60B150EF}.AppStore|ARM.Build.0 = Release|ARM
		{71535EC0-351B-4141-8E30-551C60B150EF}.AppStore|ARM.Deploy.0 = Release|ARM
		{71535EC0-351B-4141-8E30-551C60B150EF}.AppStore|iPhone.ActiveCfg = Release|Any CPU
		{71535EC0-351B-4141-8E30-551C60B150EF}.AppStore|iPhone.Build.0 = Release|Any CPU
		{71535EC0-351B-4141-8E30-551C60B150EF}.AppStore|iPhone.Deploy.0 = Release|Any CPU
		{71535EC0-351B-4141-8E30-551C60B150EF}.AppStore|iPhoneSimulator.ActiveCfg = Release|Any CPU
		{71535EC0-351B-4141-8E30-551C60B150EF}.AppStore|iPhoneSimulator.Build.0 = Release|Any CPU
		{71535EC0-351B-4141-8E30-551C60B150EF}.AppStore|iPhoneSimulator.Deploy.0 = Release|Any CPU
		{71535EC0-351B-4141-8E30-551C60B150EF}.AppStore|x64.ActiveCfg = Release|Any CPU
		{71535EC0-351B-4141-8E30-551C60B150EF}.AppStore|x64.Build.0 = Release|Any CPU
		{71535EC0-351B-4141-8E30-551C60B150EF}.AppStore|x64.Deploy.0 = Release|Any CPU
		{71535EC0-351B-4141-8E30-551C60B150EF}.AppStore|x86.ActiveCfg = Release|x86
		{71535EC0-351B-4141-8E30-551C60B150EF}.AppStore|x86.Build.0 = Release|x86
		{71535EC0-351B-4141-8E30-551C60B150EF}.AppStore|x86.Deploy.0 = Release|x86
		{71535EC0-351B-4141-8E30-551C60B150EF}.Debug|Any CPU.ActiveCfg = Debug|Any CPU
		{71535EC0-351B-4141-8E30-551C60B150EF}.Debug|Any CPU.Build.0 = Debug|Any CPU
		{71535EC0-351B-4141-8E30-551C60B150EF}.Debug|Any CPU.Deploy.0 = Debug|Any CPU
		{71535EC0-351B-4141-8E30-551C60B150EF}.Debug|ARM.ActiveCfg = Debug|ARM
		{71535EC0-351B-4141-8E30-551C60B150EF}.Debug|ARM.Build.0 = Debug|ARM
		{71535EC0-351B-4141-8E30-551C60B150EF}.Debug|ARM.Deploy.0 = Debug|ARM
		{71535EC0-351B-4141-8E30-551C60B150EF}.Debug|iPhone.ActiveCfg = Debug|Any CPU
		{71535EC0-351B-4141-8E30-551C60B150EF}.Debug|iPhone.Build.0 = Debug|Any CPU
		{71535EC0-351B-4141-8E30-551C60B150EF}.Debug|iPhone.Deploy.0 = Debug|Any CPU
		{71535EC0-351B-4141-8E30-551C60B150EF}.Debug|iPhoneSimulator.ActiveCfg = Debug|Any CPU
		{71535EC0-351B-4141-8E30-551C60B150EF}.Debug|iPhoneSimulator.Build.0 = Debug|Any CPU
		{71535EC0-351B-4141-8E30-551C60B150EF}.Debug|iPhoneSimulator.Deploy.0 = Debug|Any CPU
		{71535EC0-351B-4141-8E30-551C60B150EF}.Debug|x64.ActiveCfg = Debug|Any CPU
		{71535EC0-351B-4141-8E30-551C60B150EF}.Debug|x64.Build.0 = Debug|Any CPU
		{71535EC0-351B-4141-8E30-551C60B150EF}.Debug|x64.Deploy.0 = Debug|Any CPU
		{71535EC0-351B-4141-8E30-551C60B150EF}.Debug|x86.ActiveCfg = Debug|x86
		{71535EC0-351B-4141-8E30-551C60B150EF}.Debug|x86.Build.0 = Debug|x86
		{71535EC0-351B-4141-8E30-551C60B150EF}.Debug|x86.Deploy.0 = Debug|x86
		{71535EC0-351B-4141-8E30-551C60B150EF}.Release|Any CPU.ActiveCfg = Release|Any CPU
		{71535EC0-351B-4141-8E30-551C60B150EF}.Release|Any CPU.Build.0 = Release|Any CPU
		{71535EC0-351B-4141-8E30-551C60B150EF}.Release|Any CPU.Deploy.0 = Release|Any CPU
		{71535EC0-351B-4141-8E30-551C60B150EF}.Release|ARM.ActiveCfg = Release|ARM
		{71535EC0-351B-4141-8E30-551C60B150EF}.Release|ARM.Build.0 = Release|ARM
		{71535EC0-351B-4141-8E30-551C60B150EF}.Release|ARM.Deploy.0 = Release|ARM
		{71535EC0-351B-4141-8E30-551C60B150EF}.Release|iPhone.ActiveCfg = Release|Any CPU
		{71535EC0-351B-4141-8E30-551C60B150EF}.Release|iPhone.Build.0 = Release|Any CPU
		{71535EC0-351B-4141-8E30-551C60B150EF}.Release|iPhone.Deploy.0 = Release|Any CPU
		{71535EC0-351B-4141-8E30-551C60B150EF}.Release|iPhoneSimulator.ActiveCfg = Release|Any CPU
		{71535EC0-351B-4141-8E30-551C60B150EF}.Release|iPhoneSimulator.Build.0 = Release|Any CPU
		{71535EC0-351B-4141-8E30-551C60B150EF}.Release|iPhoneSimulator.Deploy.0 = Release|Any CPU
		{71535EC0-351B-4141-8E30-551C60B150EF}.Release|x64.ActiveCfg = Release|Any CPU
		{71535EC0-351B-4141-8E30-551C60B150EF}.Release|x64.Build.0 = Release|Any CPU
		{71535EC0-351B-4141-8E30-551C60B150EF}.Release|x64.Deploy.0 = Release|Any CPU
		{71535EC0-351B-4141-8E30-551C60B150EF}.Release|x86.ActiveCfg = Release|x86
		{71535EC0-351B-4141-8E30-551C60B150EF}.Release|x86.Build.0 = Release|x86
		{71535EC0-351B-4141-8E30-551C60B150EF}.Release|x86.Deploy.0 = Release|x86
		{7E412F7D-C70D-4F9C-8A84-9BFC26670055}.Ad-Hoc|Any CPU.ActiveCfg = Release|Any CPU
		{7E412F7D-C70D-4F9C-8A84-9BFC26670055}.Ad-Hoc|Any CPU.Build.0 = Release|Any CPU
		{7E412F7D-C70D-4F9C-8A84-9BFC26670055}.Ad-Hoc|Any CPU.Deploy.0 = Release|Any CPU
		{7E412F7D-C70D-4F9C-8A84-9BFC26670055}.Ad-Hoc|ARM.ActiveCfg = Release|ARM
		{7E412F7D-C70D-4F9C-8A84-9BFC26670055}.Ad-Hoc|ARM.Build.0 = Release|ARM
		{7E412F7D-C70D-4F9C-8A84-9BFC26670055}.Ad-Hoc|ARM.Deploy.0 = Release|ARM
		{7E412F7D-C70D-4F9C-8A84-9BFC26670055}.Ad-Hoc|iPhone.ActiveCfg = Release|Any CPU
		{7E412F7D-C70D-4F9C-8A84-9BFC26670055}.Ad-Hoc|iPhone.Build.0 = Release|Any CPU
		{7E412F7D-C70D-4F9C-8A84-9BFC26670055}.Ad-Hoc|iPhone.Deploy.0 = Release|Any CPU
		{7E412F7D-C70D-4F9C-8A84-9BFC26670055}.Ad-Hoc|iPhoneSimulator.ActiveCfg = Release|Any CPU
		{7E412F7D-C70D-4F9C-8A84-9BFC26670055}.Ad-Hoc|iPhoneSimulator.Build.0 = Release|Any CPU
		{7E412F7D-C70D-4F9C-8A84-9BFC26670055}.Ad-Hoc|iPhoneSimulator.Deploy.0 = Release|Any CPU
		{7E412F7D-C70D-4F9C-8A84-9BFC26670055}.Ad-Hoc|x64.ActiveCfg = Release|x64
		{7E412F7D-C70D-4F9C-8A84-9BFC26670055}.Ad-Hoc|x64.Build.0 = Release|x64
		{7E412F7D-C70D-4F9C-8A84-9BFC26670055}.Ad-Hoc|x64.Deploy.0 = Release|x64
		{7E412F7D-C70D-4F9C-8A84-9BFC26670055}.Ad-Hoc|x86.ActiveCfg = Release|x86
		{7E412F7D-C70D-4F9C-8A84-9BFC26670055}.Ad-Hoc|x86.Build.0 = Release|x86
		{7E412F7D-C70D-4F9C-8A84-9BFC26670055}.Ad-Hoc|x86.Deploy.0 = Release|x86
		{7E412F7D-C70D-4F9C-8A84-9BFC26670055}.AppStore|Any CPU.ActiveCfg = Release|Any CPU
		{7E412F7D-C70D-4F9C-8A84-9BFC26670055}.AppStore|Any CPU.Build.0 = Release|Any CPU
		{7E412F7D-C70D-4F9C-8A84-9BFC26670055}.AppStore|Any CPU.Deploy.0 = Release|Any CPU
		{7E412F7D-C70D-4F9C-8A84-9BFC26670055}.AppStore|ARM.ActiveCfg = Release|ARM
		{7E412F7D-C70D-4F9C-8A84-9BFC26670055}.AppStore|ARM.Build.0 = Release|ARM
		{7E412F7D-C70D-4F9C-8A84-9BFC26670055}.AppStore|ARM.Deploy.0 = Release|ARM
		{7E412F7D-C70D-4F9C-8A84-9BFC26670055}.AppStore|iPhone.ActiveCfg = Release|Any CPU
		{7E412F7D-C70D-4F9C-8A84-9BFC26670055}.AppStore|iPhone.Build.0 = Release|Any CPU
		{7E412F7D-C70D-4F9C-8A84-9BFC26670055}.AppStore|iPhone.Deploy.0 = Release|Any CPU
		{7E412F7D-C70D-4F9C-8A84-9BFC26670055}.AppStore|iPhoneSimulator.ActiveCfg = Release|Any CPU
		{7E412F7D-C70D-4F9C-8A84-9BFC26670055}.AppStore|iPhoneSimulator.Build.0 = Release|Any CPU
		{7E412F7D-C70D-4F9C-8A84-9BFC26670055}.AppStore|iPhoneSimulator.Deploy.0 = Release|Any CPU
		{7E412F7D-C70D-4F9C-8A84-9BFC26670055}.AppStore|x64.ActiveCfg = Release|x64
		{7E412F7D-C70D-4F9C-8A84-9BFC26670055}.AppStore|x64.Build.0 = Release|x64
		{7E412F7D-C70D-4F9C-8A84-9BFC26670055}.AppStore|x64.Deploy.0 = Release|x64
		{7E412F7D-C70D-4F9C-8A84-9BFC26670055}.AppStore|x86.ActiveCfg = Release|x86
		{7E412F7D-C70D-4F9C-8A84-9BFC26670055}.AppStore|x86.Build.0 = Release|x86
		{7E412F7D-C70D-4F9C-8A84-9BFC26670055}.AppStore|x86.Deploy.0 = Release|x86
		{7E412F7D-C70D-4F9C-8A84-9BFC26670055}.Debug|Any CPU.ActiveCfg = Debug|Any CPU
		{7E412F7D-C70D-4F9C-8A84-9BFC26670055}.Debug|Any CPU.Build.0 = Debug|Any CPU
		{7E412F7D-C70D-4F9C-8A84-9BFC26670055}.Debug|Any CPU.Deploy.0 = Debug|Any CPU
		{7E412F7D-C70D-4F9C-8A84-9BFC26670055}.Debug|ARM.ActiveCfg = Debug|ARM
		{7E412F7D-C70D-4F9C-8A84-9BFC26670055}.Debug|ARM.Build.0 = Debug|ARM
		{7E412F7D-C70D-4F9C-8A84-9BFC26670055}.Debug|ARM.Deploy.0 = Debug|ARM
		{7E412F7D-C70D-4F9C-8A84-9BFC26670055}.Debug|iPhone.ActiveCfg = Debug|Any CPU
		{7E412F7D-C70D-4F9C-8A84-9BFC26670055}.Debug|iPhone.Build.0 = Debug|Any CPU
		{7E412F7D-C70D-4F9C-8A84-9BFC26670055}.Debug|iPhone.Deploy.0 = Debug|Any CPU
		{7E412F7D-C70D-4F9C-8A84-9BFC26670055}.Debug|iPhoneSimulator.ActiveCfg = Debug|Any CPU
		{7E412F7D-C70D-4F9C-8A84-9BFC26670055}.Debug|iPhoneSimulator.Build.0 = Debug|Any CPU
		{7E412F7D-C70D-4F9C-8A84-9BFC26670055}.Debug|iPhoneSimulator.Deploy.0 = Debug|Any CPU
		{7E412F7D-C70D-4F9C-8A84-9BFC26670055}.Debug|x64.ActiveCfg = Debug|x64
		{7E412F7D-C70D-4F9C-8A84-9BFC26670055}.Debug|x64.Build.0 = Debug|x64
		{7E412F7D-C70D-4F9C-8A84-9BFC26670055}.Debug|x64.Deploy.0 = Debug|x64
		{7E412F7D-C70D-4F9C-8A84-9BFC26670055}.Debug|x86.ActiveCfg = Debug|x86
		{7E412F7D-C70D-4F9C-8A84-9BFC26670055}.Debug|x86.Build.0 = Debug|x86
		{7E412F7D-C70D-4F9C-8A84-9BFC26670055}.Debug|x86.Deploy.0 = Debug|x86
		{7E412F7D-C70D-4F9C-8A84-9BFC26670055}.Release|Any CPU.ActiveCfg = Release|Any CPU
		{7E412F7D-C70D-4F9C-8A84-9BFC26670055}.Release|Any CPU.Build.0 = Release|Any CPU
		{7E412F7D-C70D-4F9C-8A84-9BFC26670055}.Release|Any CPU.Deploy.0 = Release|Any CPU
		{7E412F7D-C70D-4F9C-8A84-9BFC26670055}.Release|ARM.ActiveCfg = Release|ARM
		{7E412F7D-C70D-4F9C-8A84-9BFC26670055}.Release|ARM.Build.0 = Release|ARM
		{7E412F7D-C70D-4F9C-8A84-9BFC26670055}.Release|ARM.Deploy.0 = Release|ARM
		{7E412F7D-C70D-4F9C-8A84-9BFC26670055}.Release|iPhone.ActiveCfg = Release|Any CPU
		{7E412F7D-C70D-4F9C-8A84-9BFC26670055}.Release|iPhone.Build.0 = Release|Any CPU
		{7E412F7D-C70D-4F9C-8A84-9BFC26670055}.Release|iPhone.Deploy.0 = Release|Any CPU
		{7E412F7D-C70D-4F9C-8A84-9BFC26670055}.Release|iPhoneSimulator.ActiveCfg = Release|Any CPU
		{7E412F7D-C70D-4F9C-8A84-9BFC26670055}.Release|iPhoneSimulator.Build.0 = Release|Any CPU
		{7E412F7D-C70D-4F9C-8A84-9BFC26670055}.Release|iPhoneSimulator.Deploy.0 = Release|Any CPU
		{7E412F7D-C70D-4F9C-8A84-9BFC26670055}.Release|x64.ActiveCfg = Release|x64
		{7E412F7D-C70D-4F9C-8A84-9BFC26670055}.Release|x64.Build.0 = Release|x64
		{7E412F7D-C70D-4F9C-8A84-9BFC26670055}.Release|x64.Deploy.0 = Release|x64
		{7E412F7D-C70D-4F9C-8A84-9BFC26670055}.Release|x86.ActiveCfg = Release|x86
		{7E412F7D-C70D-4F9C-8A84-9BFC26670055}.Release|x86.Build.0 = Release|x86
		{7E412F7D-C70D-4F9C-8A84-9BFC26670055}.Release|x86.Deploy.0 = Release|x86
		{AECE673B-D2C5-458D-A2A9-B2BC10430F5B}.Ad-Hoc|Any CPU.ActiveCfg = Release|Any CPU
		{AECE673B-D2C5-458D-A2A9-B2BC10430F5B}.Ad-Hoc|Any CPU.Build.0 = Release|Any CPU
		{AECE673B-D2C5-458D-A2A9-B2BC10430F5B}.Ad-Hoc|ARM.ActiveCfg = Release|Any CPU
		{AECE673B-D2C5-458D-A2A9-B2BC10430F5B}.Ad-Hoc|ARM.Build.0 = Release|Any CPU
		{AECE673B-D2C5-458D-A2A9-B2BC10430F5B}.Ad-Hoc|iPhone.ActiveCfg = Release|Any CPU
		{AECE673B-D2C5-458D-A2A9-B2BC10430F5B}.Ad-Hoc|iPhone.Build.0 = Release|Any CPU
		{AECE673B-D2C5-458D-A2A9-B2BC10430F5B}.Ad-Hoc|iPhoneSimulator.ActiveCfg = Release|Any CPU
		{AECE673B-D2C5-458D-A2A9-B2BC10430F5B}.Ad-Hoc|iPhoneSimulator.Build.0 = Release|Any CPU
		{AECE673B-D2C5-458D-A2A9-B2BC10430F5B}.Ad-Hoc|x64.ActiveCfg = Release|Any CPU
		{AECE673B-D2C5-458D-A2A9-B2BC10430F5B}.Ad-Hoc|x64.Build.0 = Release|Any CPU
		{AECE673B-D2C5-458D-A2A9-B2BC10430F5B}.Ad-Hoc|x86.ActiveCfg = Release|Any CPU
		{AECE673B-D2C5-458D-A2A9-B2BC10430F5B}.Ad-Hoc|x86.Build.0 = Release|Any CPU
		{AECE673B-D2C5-458D-A2A9-B2BC10430F5B}.AppStore|Any CPU.ActiveCfg = Release|Any CPU
		{AECE673B-D2C5-458D-A2A9-B2BC10430F5B}.AppStore|Any CPU.Build.0 = Release|Any CPU
		{AECE673B-D2C5-458D-A2A9-B2BC10430F5B}.AppStore|ARM.ActiveCfg = Release|Any CPU
		{AECE673B-D2C5-458D-A2A9-B2BC10430F5B}.AppStore|ARM.Build.0 = Release|Any CPU
		{AECE673B-D2C5-458D-A2A9-B2BC10430F5B}.AppStore|iPhone.ActiveCfg = Release|Any CPU
		{AECE673B-D2C5-458D-A2A9-B2BC10430F5B}.AppStore|iPhone.Build.0 = Release|Any CPU
		{AECE673B-D2C5-458D-A2A9-B2BC10430F5B}.AppStore|iPhoneSimulator.ActiveCfg = Release|Any CPU
		{AECE673B-D2C5-458D-A2A9-B2BC10430F5B}.AppStore|iPhoneSimulator.Build.0 = Release|Any CPU
		{AECE673B-D2C5-458D-A2A9-B2BC10430F5B}.AppStore|x64.ActiveCfg = Release|Any CPU
		{AECE673B-D2C5-458D-A2A9-B2BC10430F5B}.AppStore|x64.Build.0 = Release|Any CPU
		{AECE673B-D2C5-458D-A2A9-B2BC10430F5B}.AppStore|x86.ActiveCfg = Release|Any CPU
		{AECE673B-D2C5-458D-A2A9-B2BC10430F5B}.AppStore|x86.Build.0 = Release|Any CPU
		{AECE673B-D2C5-458D-A2A9-B2BC10430F5B}.Debug|Any CPU.ActiveCfg = Debug|Any CPU
		{AECE673B-D2C5-458D-A2A9-B2BC10430F5B}.Debug|Any CPU.Build.0 = Debug|Any CPU
		{AECE673B-D2C5-458D-A2A9-B2BC10430F5B}.Debug|ARM.ActiveCfg = Debug|Any CPU
		{AECE673B-D2C5-458D-A2A9-B2BC10430F5B}.Debug|ARM.Build.0 = Debug|Any CPU
		{AECE673B-D2C5-458D-A2A9-B2BC10430F5B}.Debug|iPhone.ActiveCfg = Debug|Any CPU
		{AECE673B-D2C5-458D-A2A9-B2BC10430F5B}.Debug|iPhone.Build.0 = Debug|Any CPU
		{AECE673B-D2C5-458D-A2A9-B2BC10430F5B}.Debug|iPhoneSimulator.ActiveCfg = Debug|Any CPU
		{AECE673B-D2C5-458D-A2A9-B2BC10430F5B}.Debug|iPhoneSimulator.Build.0 = Debug|Any CPU
		{AECE673B-D2C5-458D-A2A9-B2BC10430F5B}.Debug|x64.ActiveCfg = Debug|Any CPU
		{AECE673B-D2C5-458D-A2A9-B2BC10430F5B}.Debug|x64.Build.0 = Debug|Any CPU
		{AECE673B-D2C5-458D-A2A9-B2BC10430F5B}.Debug|x86.ActiveCfg = Debug|Any CPU
		{AECE673B-D2C5-458D-A2A9-B2BC10430F5B}.Debug|x86.Build.0 = Debug|Any CPU
		{AECE673B-D2C5-458D-A2A9-B2BC10430F5B}.Release|Any CPU.ActiveCfg = Release|Any CPU
		{AECE673B-D2C5-458D-A2A9-B2BC10430F5B}.Release|Any CPU.Build.0 = Release|Any CPU
		{AECE673B-D2C5-458D-A2A9-B2BC10430F5B}.Release|ARM.ActiveCfg = Release|Any CPU
		{AECE673B-D2C5-458D-A2A9-B2BC10430F5B}.Release|ARM.Build.0 = Release|Any CPU
		{AECE673B-D2C5-458D-A2A9-B2BC10430F5B}.Release|iPhone.ActiveCfg = Release|Any CPU
		{AECE673B-D2C5-458D-A2A9-B2BC10430F5B}.Release|iPhone.Build.0 = Release|Any CPU
		{AECE673B-D2C5-458D-A2A9-B2BC10430F5B}.Release|iPhoneSimulator.ActiveCfg = Release|Any CPU
		{AECE673B-D2C5-458D-A2A9-B2BC10430F5B}.Release|iPhoneSimulator.Build.0 = Release|Any CPU
		{AECE673B-D2C5-458D-A2A9-B2BC10430F5B}.Release|x64.ActiveCfg = Release|Any CPU
		{AECE673B-D2C5-458D-A2A9-B2BC10430F5B}.Release|x64.Build.0 = Release|Any CPU
		{AECE673B-D2C5-458D-A2A9-B2BC10430F5B}.Release|x86.ActiveCfg = Release|Any CPU
		{AECE673B-D2C5-458D-A2A9-B2BC10430F5B}.Release|x86.Build.0 = Release|Any CPU
	EndGlobalSection
	GlobalSection(SolutionProperties) = preSolution
		HideSolutionNode = FALSE
	EndGlobalSection
EndGlobal
